// !$*UTF8*$!
{
	archiveVersion = 1;
	classes = {
	};
	objectVersion = 50;
	objects = {

/* Begin PBXBuildFile section */
		1585FD6407ED75BA9F93F323 /* libPods-Trivia.a in Frameworks */ = {isa = PBXBuildFile; fileRef = A19D6412236AF78BBBA10C7D /* libPods-Trivia.a */; };
		5E4E903526F0E9C900E906FE /* QuestionViewController.swift in Sources */ = {isa = PBXBuildFile; fileRef = 5E4E903326F0E9C900E906FE /* QuestionViewController.swift */; };
		5E4E903626F0E9C900E906FE /* QuestionViewController.xib in Resources */ = {isa = PBXBuildFile; fileRef = 5E4E903426F0E9C900E906FE /* QuestionViewController.xib */; };
		5E4E903826F0F99B00E906FE /* Question.swift in Sources */ = {isa = PBXBuildFile; fileRef = 5E4E903726F0F99B00E906FE /* Question.swift */; };
		5E4E903C26F0FB9200E906FE /* Game.swift in Sources */ = {isa = PBXBuildFile; fileRef = 5E4E903B26F0FB9200E906FE /* Game.swift */; };
		5E4E904126F101F200E906FE /* Category.swift in Sources */ = {isa = PBXBuildFile; fileRef = 5E4E904026F101F200E906FE /* Category.swift */; };
		5E4E904526F1076900E906FE /* InformationViewController.swift in Sources */ = {isa = PBXBuildFile; fileRef = 5E4E904326F1076900E906FE /* InformationViewController.swift */; };
		5E4E904626F1076900E906FE /* InformationViewController.xib in Resources */ = {isa = PBXBuildFile; fileRef = 5E4E904426F1076900E906FE /* InformationViewController.xib */; };
		5E4E904826F1184800E906FE /* UIView+Gradient.swift in Sources */ = {isa = PBXBuildFile; fileRef = 5E4E904726F1184800E906FE /* UIView+Gradient.swift */; };
		5E74962126F23F3200E5C5BE /* CategoriesViewController.swift in Sources */ = {isa = PBXBuildFile; fileRef = 5E74961F26F23F3200E5C5BE /* CategoriesViewController.swift */; };
		5E74962226F23F3200E5C5BE /* CategoriesViewController.xib in Resources */ = {isa = PBXBuildFile; fileRef = 5E74962026F23F3200E5C5BE /* CategoriesViewController.xib */; };
		5E74962626F23F8A00E5C5BE /* CategoryTableViewCell.swift in Sources */ = {isa = PBXBuildFile; fileRef = 5E74962426F23F8A00E5C5BE /* CategoryTableViewCell.swift */; };
		5E74962726F23F8A00E5C5BE /* CategoryTableViewCell.xib in Resources */ = {isa = PBXBuildFile; fileRef = 5E74962526F23F8A00E5C5BE /* CategoryTableViewCell.xib */; };
		5E74962A26F24B0300E5C5BE /* TabBarController.swift in Sources */ = {isa = PBXBuildFile; fileRef = 5E74962926F24B0300E5C5BE /* TabBarController.swift */; };
		5E75D7B326EFAC17002C6C5D /* AppDelegate.swift in Sources */ = {isa = PBXBuildFile; fileRef = 5E75D7B226EFAC17002C6C5D /* AppDelegate.swift */; };
		5E75D7B526EFAC17002C6C5D /* SceneDelegate.swift in Sources */ = {isa = PBXBuildFile; fileRef = 5E75D7B426EFAC17002C6C5D /* SceneDelegate.swift */; };
		5E75D7BC26EFAC18002C6C5D /* Assets.xcassets in Resources */ = {isa = PBXBuildFile; fileRef = 5E75D7BB26EFAC18002C6C5D /* Assets.xcassets */; };
		5E75D7BF26EFAC18002C6C5D /* LaunchScreen.storyboard in Resources */ = {isa = PBXBuildFile; fileRef = 5E75D7BD26EFAC18002C6C5D /* LaunchScreen.storyboard */; };
		5E75D7C726EFC7C4002C6C5D /* NavigationHelper.swift in Sources */ = {isa = PBXBuildFile; fileRef = 5E75D7C626EFC7C4002C6C5D /* NavigationHelper.swift */; };
		5E75D7CC26EFC80A002C6C5D /* SplashViewController.swift in Sources */ = {isa = PBXBuildFile; fileRef = 5E75D7CA26EFC80A002C6C5D /* SplashViewController.swift */; };
		5E75D7CD26EFC80A002C6C5D /* SplashViewController.xib in Resources */ = {isa = PBXBuildFile; fileRef = 5E75D7CB26EFC80A002C6C5D /* SplashViewController.xib */; };
		5E75D7D126EFC8C3002C6C5D /* BaseViewController.swift in Sources */ = {isa = PBXBuildFile; fileRef = 5E75D7D026EFC8C3002C6C5D /* BaseViewController.swift */; };
		5E75D7D726EFCF7B002C6C5D /* SignUpViewController.swift in Sources */ = {isa = PBXBuildFile; fileRef = 5E75D7D526EFCF7B002C6C5D /* SignUpViewController.swift */; };
		5E75D7E026EFEC4E002C6C5D /* UIColor+Assets.swift in Sources */ = {isa = PBXBuildFile; fileRef = 5E75D7DF26EFEC4E002C6C5D /* UIColor+Assets.swift */; };
		5E93FE7926F8D7D800EB8F5E /* SignUpViewController.xib in Resources */ = {isa = PBXBuildFile; fileRef = 5E93FE7826F8D7D800EB8F5E /* SignUpViewController.xib */; };
		5EDB580C26F3D5D30061D1A5 /* CategoryService.swift in Sources */ = {isa = PBXBuildFile; fileRef = 5EDB580B26F3D5D30061D1A5 /* CategoryService.swift */; };
		5EDB580E26F3DAC30061D1A5 /* AlamofireAPIClient.swift in Sources */ = {isa = PBXBuildFile; fileRef = 5EDB580D26F3DAC30061D1A5 /* AlamofireAPIClient.swift */; };
		5EDB581026F3E63B0061D1A5 /* CategoriesVIewModel.swift in Sources */ = {isa = PBXBuildFile; fileRef = 5EDB580F26F3E63B0061D1A5 /* CategoriesVIewModel.swift */; };
		5EDB581226F3E9AE0061D1A5 /* QuestionViewModel.swift in Sources */ = {isa = PBXBuildFile; fileRef = 5EDB581126F3E9AE0061D1A5 /* QuestionViewModel.swift */; };
		5EDB581426F3E9D10061D1A5 /* QuestionService.swift in Sources */ = {isa = PBXBuildFile; fileRef = 5EDB581326F3E9D10061D1A5 /* QuestionService.swift */; };
/* End PBXBuildFile section */

/* Begin PBXFileReference section */
		23F673716F1A1EDF8EDAD5EB /* Pods-Trivia.release.xcconfig */ = {isa = PBXFileReference; includeInIndex = 1; lastKnownFileType = text.xcconfig; name = "Pods-Trivia.release.xcconfig"; path = "Target Support Files/Pods-Trivia/Pods-Trivia.release.xcconfig"; sourceTree = "<group>"; };
		5E4E903326F0E9C900E906FE /* QuestionViewController.swift */ = {isa = PBXFileReference; lastKnownFileType = sourcecode.swift; path = QuestionViewController.swift; sourceTree = "<group>"; };
		5E4E903426F0E9C900E906FE /* QuestionViewController.xib */ = {isa = PBXFileReference; lastKnownFileType = file.xib; path = QuestionViewController.xib; sourceTree = "<group>"; };
		5E4E903726F0F99B00E906FE /* Question.swift */ = {isa = PBXFileReference; lastKnownFileType = sourcecode.swift; path = Question.swift; sourceTree = "<group>"; };
		5E4E903B26F0FB9200E906FE /* Game.swift */ = {isa = PBXFileReference; lastKnownFileType = sourcecode.swift; path = Game.swift; sourceTree = "<group>"; };
		5E4E904026F101F200E906FE /* Category.swift */ = {isa = PBXFileReference; lastKnownFileType = sourcecode.swift; path = Category.swift; sourceTree = "<group>"; };
		5E4E904326F1076900E906FE /* InformationViewController.swift */ = {isa = PBXFileReference; lastKnownFileType = sourcecode.swift; path = InformationViewController.swift; sourceTree = "<group>"; };
		5E4E904426F1076900E906FE /* InformationViewController.xib */ = {isa = PBXFileReference; lastKnownFileType = file.xib; path = InformationViewController.xib; sourceTree = "<group>"; };
		5E4E904726F1184800E906FE /* UIView+Gradient.swift */ = {isa = PBXFileReference; lastKnownFileType = sourcecode.swift; path = "UIView+Gradient.swift"; sourceTree = "<group>"; };
		5E74961F26F23F3200E5C5BE /* CategoriesViewController.swift */ = {isa = PBXFileReference; lastKnownFileType = sourcecode.swift; path = CategoriesViewController.swift; sourceTree = "<group>"; };
		5E74962026F23F3200E5C5BE /* CategoriesViewController.xib */ = {isa = PBXFileReference; lastKnownFileType = file.xib; path = CategoriesViewController.xib; sourceTree = "<group>"; };
		5E74962426F23F8A00E5C5BE /* CategoryTableViewCell.swift */ = {isa = PBXFileReference; lastKnownFileType = sourcecode.swift; path = CategoryTableViewCell.swift; sourceTree = "<group>"; };
		5E74962526F23F8A00E5C5BE /* CategoryTableViewCell.xib */ = {isa = PBXFileReference; lastKnownFileType = file.xib; path = CategoryTableViewCell.xib; sourceTree = "<group>"; };
		5E74962926F24B0300E5C5BE /* TabBarController.swift */ = {isa = PBXFileReference; lastKnownFileType = sourcecode.swift; path = TabBarController.swift; sourceTree = "<group>"; };
		5E75D7AF26EFAC17002C6C5D /* Trivia.app */ = {isa = PBXFileReference; explicitFileType = wrapper.application; includeInIndex = 0; path = Trivia.app; sourceTree = BUILT_PRODUCTS_DIR; };
		5E75D7B226EFAC17002C6C5D /* AppDelegate.swift */ = {isa = PBXFileReference; lastKnownFileType = sourcecode.swift; path = AppDelegate.swift; sourceTree = "<group>"; };
		5E75D7B426EFAC17002C6C5D /* SceneDelegate.swift */ = {isa = PBXFileReference; lastKnownFileType = sourcecode.swift; path = SceneDelegate.swift; sourceTree = "<group>"; };
		5E75D7BB26EFAC18002C6C5D /* Assets.xcassets */ = {isa = PBXFileReference; lastKnownFileType = folder.assetcatalog; path = Assets.xcassets; sourceTree = "<group>"; };
		5E75D7BE26EFAC18002C6C5D /* Base */ = {isa = PBXFileReference; lastKnownFileType = file.storyboard; name = Base; path = Base.lproj/LaunchScreen.storyboard; sourceTree = "<group>"; };
		5E75D7C026EFAC18002C6C5D /* Info.plist */ = {isa = PBXFileReference; lastKnownFileType = text.plist.xml; path = Info.plist; sourceTree = "<group>"; };
		5E75D7C626EFC7C4002C6C5D /* NavigationHelper.swift */ = {isa = PBXFileReference; lastKnownFileType = sourcecode.swift; path = NavigationHelper.swift; sourceTree = "<group>"; };
		5E75D7CA26EFC80A002C6C5D /* SplashViewController.swift */ = {isa = PBXFileReference; lastKnownFileType = sourcecode.swift; path = SplashViewController.swift; sourceTree = "<group>"; };
		5E75D7CB26EFC80A002C6C5D /* SplashViewController.xib */ = {isa = PBXFileReference; lastKnownFileType = file.xib; path = SplashViewController.xib; sourceTree = "<group>"; };
		5E75D7D026EFC8C3002C6C5D /* BaseViewController.swift */ = {isa = PBXFileReference; lastKnownFileType = sourcecode.swift; path = BaseViewController.swift; sourceTree = "<group>"; };
		5E75D7D526EFCF7B002C6C5D /* SignUpViewController.swift */ = {isa = PBXFileReference; lastKnownFileType = sourcecode.swift; path = SignUpViewController.swift; sourceTree = "<group>"; };
		5E75D7DF26EFEC4E002C6C5D /* UIColor+Assets.swift */ = {isa = PBXFileReference; lastKnownFileType = sourcecode.swift; path = "UIColor+Assets.swift"; sourceTree = "<group>"; };
		5E93FE7826F8D7D800EB8F5E /* SignUpViewController.xib */ = {isa = PBXFileReference; lastKnownFileType = file.xib; path = SignUpViewController.xib; sourceTree = "<group>"; };
		5EDB580B26F3D5D30061D1A5 /* CategoryService.swift */ = {isa = PBXFileReference; lastKnownFileType = sourcecode.swift; path = CategoryService.swift; sourceTree = "<group>"; };
		5EDB580D26F3DAC30061D1A5 /* AlamofireAPIClient.swift */ = {isa = PBXFileReference; lastKnownFileType = sourcecode.swift; path = AlamofireAPIClient.swift; sourceTree = "<group>"; };
		5EDB580F26F3E63B0061D1A5 /* CategoriesVIewModel.swift */ = {isa = PBXFileReference; lastKnownFileType = sourcecode.swift; path = CategoriesVIewModel.swift; sourceTree = "<group>"; };
		5EDB581126F3E9AE0061D1A5 /* QuestionViewModel.swift */ = {isa = PBXFileReference; lastKnownFileType = sourcecode.swift; path = QuestionViewModel.swift; sourceTree = "<group>"; };
		5EDB581326F3E9D10061D1A5 /* QuestionService.swift */ = {isa = PBXFileReference; lastKnownFileType = sourcecode.swift; path = QuestionService.swift; sourceTree = "<group>"; };
		A19D6412236AF78BBBA10C7D /* libPods-Trivia.a */ = {isa = PBXFileReference; explicitFileType = archive.ar; includeInIndex = 0; path = "libPods-Trivia.a"; sourceTree = BUILT_PRODUCTS_DIR; };
		F4F0D08A6B4D632437A07F3A /* Pods-Trivia.debug.xcconfig */ = {isa = PBXFileReference; includeInIndex = 1; lastKnownFileType = text.xcconfig; name = "Pods-Trivia.debug.xcconfig"; path = "Target Support Files/Pods-Trivia/Pods-Trivia.debug.xcconfig"; sourceTree = "<group>"; };
/* End PBXFileReference section */

/* Begin PBXFrameworksBuildPhase section */
		5E75D7AC26EFAC17002C6C5D /* Frameworks */ = {
			isa = PBXFrameworksBuildPhase;
			buildActionMask = 2147483647;
			files = (
				1585FD6407ED75BA9F93F323 /* libPods-Trivia.a in Frameworks */,
			);
			runOnlyForDeploymentPostprocessing = 0;
		};
/* End PBXFrameworksBuildPhase section */

/* Begin PBXGroup section */
		5E4E903226F0E95600E906FE /* Game */ = {
			isa = PBXGroup;
			children = (
				5EDB581126F3E9AE0061D1A5 /* QuestionViewModel.swift */,
				5E4E903326F0E9C900E906FE /* QuestionViewController.swift */,
				5E4E903426F0E9C900E906FE /* QuestionViewController.xib */,
			);
			path = Game;
			sourceTree = "<group>";
		};
		5E4E903D26F0FF2500E906FE /* Network */ = {
			isa = PBXGroup;
			children = (
				5EDB580D26F3DAC30061D1A5 /* AlamofireAPIClient.swift */,
			);
			path = Network;
			sourceTree = "<group>";
		};
		5E4E904226F1072700E906FE /* Information */ = {
			isa = PBXGroup;
			children = (
				5E4E904326F1076900E906FE /* InformationViewController.swift */,
				5E4E904426F1076900E906FE /* InformationViewController.xib */,
			);
			path = Information;
			sourceTree = "<group>";
		};
		5E74961E26F23F2000E5C5BE /* Categories */ = {
			isa = PBXGroup;
			children = (
				5E74962326F23F7600E5C5BE /* Cells */,
				5EDB580F26F3E63B0061D1A5 /* CategoriesVIewModel.swift */,
				5E74961F26F23F3200E5C5BE /* CategoriesViewController.swift */,
				5E74962026F23F3200E5C5BE /* CategoriesViewController.xib */,
			);
			path = Categories;
			sourceTree = "<group>";
		};
		5E74962326F23F7600E5C5BE /* Cells */ = {
			isa = PBXGroup;
			children = (
				5E74962426F23F8A00E5C5BE /* CategoryTableViewCell.swift */,
				5E74962526F23F8A00E5C5BE /* CategoryTableViewCell.xib */,
			);
			path = Cells;
			sourceTree = "<group>";
		};
		5E74962826F24AEC00E5C5BE /* Tab Bar */ = {
			isa = PBXGroup;
			children = (
				5E74962926F24B0300E5C5BE /* TabBarController.swift */,
			);
			path = "Tab Bar";
			sourceTree = "<group>";
		};
		5E75D7A626EFAC17002C6C5D = {
			isa = PBXGroup;
			children = (
				5E75D7B126EFAC17002C6C5D /* Trivia */,
				5E75D7B026EFAC17002C6C5D /* Products */,
				D46023019B5CD3F315CAA18E /* Pods */,
				7B4FAA7F3E1FA86B22372145 /* Frameworks */,
			);
			sourceTree = "<group>";
		};
		5E75D7B026EFAC17002C6C5D /* Products */ = {
			isa = PBXGroup;
			children = (
				5E75D7AF26EFAC17002C6C5D /* Trivia.app */,
			);
			name = Products;
			sourceTree = "<group>";
		};
		5E75D7B126EFAC17002C6C5D /* Trivia */ = {
			isa = PBXGroup;
			children = (
				5E75D7CE26EFC831002C6C5D /* Startup */,
				5E4E903D26F0FF2500E906FE /* Network */,
				5EDB580A26F3D5C50061D1A5 /* Services */,
				5E75D7D226EFC948002C6C5D /* Model */,
				5E75D7D326EFCEB8002C6C5D /* Application */,
				5E75D7CF26EFC85E002C6C5D /* Resources */,
				5E75D7C026EFAC18002C6C5D /* Info.plist */,
			);
			path = Trivia;
			sourceTree = "<group>";
		};
		5E75D7C826EFC7C7002C6C5D /* Utils */ = {
			isa = PBXGroup;
			children = (
				5E75D7C626EFC7C4002C6C5D /* NavigationHelper.swift */,
			);
			path = Utils;
			sourceTree = "<group>";
		};
		5E75D7C926EFC7CE002C6C5D /* Base */ = {
			isa = PBXGroup;
			children = (
				5E75D7D026EFC8C3002C6C5D /* BaseViewController.swift */,
			);
			path = Base;
			sourceTree = "<group>";
		};
		5E75D7CE26EFC831002C6C5D /* Startup */ = {
			isa = PBXGroup;
			children = (
				5E75D7BD26EFAC18002C6C5D /* LaunchScreen.storyboard */,
				5E75D7B226EFAC17002C6C5D /* AppDelegate.swift */,
				5E75D7B426EFAC17002C6C5D /* SceneDelegate.swift */,
			);
			path = Startup;
			sourceTree = "<group>";
		};
		5E75D7CF26EFC85E002C6C5D /* Resources */ = {
			isa = PBXGroup;
			children = (
				5E75D7BB26EFAC18002C6C5D /* Assets.xcassets */,
				5E75D7C926EFC7CE002C6C5D /* Base */,
				5E93FE7726F8CAD300EB8F5E /* Extensions */,
				5E75D7C826EFC7C7002C6C5D /* Utils */,
			);
			path = Resources;
			sourceTree = "<group>";
		};
		5E75D7D226EFC948002C6C5D /* Model */ = {
			isa = PBXGroup;
			children = (
				5E4E903726F0F99B00E906FE /* Question.swift */,
				5E4E903B26F0FB9200E906FE /* Game.swift */,
				5E4E904026F101F200E906FE /* Category.swift */,
			);
			path = Model;
			sourceTree = "<group>";
		};
		5E75D7D326EFCEB8002C6C5D /* Application */ = {
			isa = PBXGroup;
			children = (
				5E74962826F24AEC00E5C5BE /* Tab Bar */,
				5E74961E26F23F2000E5C5BE /* Categories */,
				5E4E904226F1072700E906FE /* Information */,
				5E4E903226F0E95600E906FE /* Game */,
				5E75D7D426EFCED9002C6C5D /* Auth */,
				5E75D7CA26EFC80A002C6C5D /* SplashViewController.swift */,
				5E75D7CB26EFC80A002C6C5D /* SplashViewController.xib */,
			);
			path = Application;
			sourceTree = "<group>";
		};
		5E75D7D426EFCED9002C6C5D /* Auth */ = {
			isa = PBXGroup;
			children = (
				5E75D7D526EFCF7B002C6C5D /* SignUpViewController.swift */,
				5E93FE7826F8D7D800EB8F5E /* SignUpViewController.xib */,
			);
			path = Auth;
			sourceTree = "<group>";
		};
		5E93FE7726F8CAD300EB8F5E /* Extensions */ = {
			isa = PBXGroup;
			children = (
				5E75D7DF26EFEC4E002C6C5D /* UIColor+Assets.swift */,
				5E4E904726F1184800E906FE /* UIView+Gradient.swift */,
			);
			path = Extensions;
			sourceTree = "<group>";
		};
		5EDB580A26F3D5C50061D1A5 /* Services */ = {
			isa = PBXGroup;
			children = (
				5EDB580B26F3D5D30061D1A5 /* CategoryService.swift */,
				5EDB581326F3E9D10061D1A5 /* QuestionService.swift */,
			);
			path = Services;
			sourceTree = "<group>";
		};
		7B4FAA7F3E1FA86B22372145 /* Frameworks */ = {
			isa = PBXGroup;
			children = (
				A19D6412236AF78BBBA10C7D /* libPods-Trivia.a */,
			);
			name = Frameworks;
			sourceTree = "<group>";
		};
		D46023019B5CD3F315CAA18E /* Pods */ = {
			isa = PBXGroup;
			children = (
				F4F0D08A6B4D632437A07F3A /* Pods-Trivia.debug.xcconfig */,
				23F673716F1A1EDF8EDAD5EB /* Pods-Trivia.release.xcconfig */,
			);
			path = Pods;
			sourceTree = "<group>";
		};
/* End PBXGroup section */

/* Begin PBXNativeTarget section */
		5E75D7AE26EFAC17002C6C5D /* Trivia */ = {
			isa = PBXNativeTarget;
			buildConfigurationList = 5E75D7C326EFAC18002C6C5D /* Build configuration list for PBXNativeTarget "Trivia" */;
			buildPhases = (
				BFC3FE2083BEFBB1102A637A /* [CP] Check Pods Manifest.lock */,
				5E75D7AB26EFAC17002C6C5D /* Sources */,
				5E75D7AC26EFAC17002C6C5D /* Frameworks */,
				5E75D7AD26EFAC17002C6C5D /* Resources */,
			);
			buildRules = (
			);
			dependencies = (
			);
			name = Trivia;
			productName = Trivia;
			productReference = 5E75D7AF26EFAC17002C6C5D /* Trivia.app */;
			productType = "com.apple.product-type.application";
		};
/* End PBXNativeTarget section */

/* Begin PBXProject section */
		5E75D7A726EFAC17002C6C5D /* Project object */ = {
			isa = PBXProject;
			attributes = {
				LastSwiftUpdateCheck = 1250;
				LastUpgradeCheck = 1250;
				TargetAttributes = {
					5E75D7AE26EFAC17002C6C5D = {
						CreatedOnToolsVersion = 12.5.1;
					};
				};
			};
			buildConfigurationList = 5E75D7AA26EFAC17002C6C5D /* Build configuration list for PBXProject "Trivia" */;
			compatibilityVersion = "Xcode 9.3";
			developmentRegion = en;
			hasScannedForEncodings = 0;
			knownRegions = (
				en,
				Base,
			);
			mainGroup = 5E75D7A626EFAC17002C6C5D;
			productRefGroup = 5E75D7B026EFAC17002C6C5D /* Products */;
			projectDirPath = "";
			projectRoot = "";
			targets = (
				5E75D7AE26EFAC17002C6C5D /* Trivia */,
			);
		};
/* End PBXProject section */

/* Begin PBXResourcesBuildPhase section */
		5E75D7AD26EFAC17002C6C5D /* Resources */ = {
			isa = PBXResourcesBuildPhase;
			buildActionMask = 2147483647;
			files = (
				5E75D7BF26EFAC18002C6C5D /* LaunchScreen.storyboard in Resources */,
				5E75D7BC26EFAC18002C6C5D /* Assets.xcassets in Resources */,
				5E93FE7926F8D7D800EB8F5E /* SignUpViewController.xib in Resources */,
				5E74962226F23F3200E5C5BE /* CategoriesViewController.xib in Resources */,
				5E74962726F23F8A00E5C5BE /* CategoryTableViewCell.xib in Resources */,
				5E4E903626F0E9C900E906FE /* QuestionViewController.xib in Resources */,
				5E75D7CD26EFC80A002C6C5D /* SplashViewController.xib in Resources */,
				5E4E904626F1076900E906FE /* InformationViewController.xib in Resources */,
			);
			runOnlyForDeploymentPostprocessing = 0;
		};
/* End PBXResourcesBuildPhase section */

/* Begin PBXShellScriptBuildPhase section */
		BFC3FE2083BEFBB1102A637A /* [CP] Check Pods Manifest.lock */ = {
			isa = PBXShellScriptBuildPhase;
			buildActionMask = 2147483647;
			files = (
			);
			inputFileListPaths = (
			);
			inputPaths = (
				"${PODS_PODFILE_DIR_PATH}/Podfile.lock",
				"${PODS_ROOT}/Manifest.lock",
			);
			name = "[CP] Check Pods Manifest.lock";
			outputFileListPaths = (
			);
			outputPaths = (
				"$(DERIVED_FILE_DIR)/Pods-Trivia-checkManifestLockResult.txt",
			);
			runOnlyForDeploymentPostprocessing = 0;
			shellPath = /bin/sh;
			shellScript = "diff \"${PODS_PODFILE_DIR_PATH}/Podfile.lock\" \"${PODS_ROOT}/Manifest.lock\" > /dev/null\nif [ $? != 0 ] ; then\n    # print error to STDERR\n    echo \"error: The sandbox is not in sync with the Podfile.lock. Run 'pod install' or update your CocoaPods installation.\" >&2\n    exit 1\nfi\n# This output is used by Xcode 'outputs' to avoid re-running this script phase.\necho \"SUCCESS\" > \"${SCRIPT_OUTPUT_FILE_0}\"\n";
			showEnvVarsInLog = 0;
		};
/* End PBXShellScriptBuildPhase section */

/* Begin PBXSourcesBuildPhase section */
		5E75D7AB26EFAC17002C6C5D /* Sources */ = {
			isa = PBXSourcesBuildPhase;
			buildActionMask = 2147483647;
			files = (
				5EDB580E26F3DAC30061D1A5 /* AlamofireAPIClient.swift in Sources */,
				5E75D7D726EFCF7B002C6C5D /* SignUpViewController.swift in Sources */,
				5E4E904826F1184800E906FE /* UIView+Gradient.swift in Sources */,
				5EDB581026F3E63B0061D1A5 /* CategoriesVIewModel.swift in Sources */,
				5E75D7E026EFEC4E002C6C5D /* UIColor+Assets.swift in Sources */,
				5EDB580C26F3D5D30061D1A5 /* CategoryService.swift in Sources */,
				5E74962126F23F3200E5C5BE /* CategoriesViewController.swift in Sources */,
				5EDB581426F3E9D10061D1A5 /* QuestionService.swift in Sources */,
				5E75D7D126EFC8C3002C6C5D /* BaseViewController.swift in Sources */,
				5EDB581226F3E9AE0061D1A5 /* QuestionViewModel.swift in Sources */,
				5E75D7C726EFC7C4002C6C5D /* NavigationHelper.swift in Sources */,
				5E4E903826F0F99B00E906FE /* Question.swift in Sources */,
				5E4E903C26F0FB9200E906FE /* Game.swift in Sources */,
				5E74962A26F24B0300E5C5BE /* TabBarController.swift in Sources */,
				5E75D7B326EFAC17002C6C5D /* AppDelegate.swift in Sources */,
				5E75D7B526EFAC17002C6C5D /* SceneDelegate.swift in Sources */,
				5E75D7CC26EFC80A002C6C5D /* SplashViewController.swift in Sources */,
				5E4E903526F0E9C900E906FE /* QuestionViewController.swift in Sources */,
				5E4E904126F101F200E906FE /* Category.swift in Sources */,
				5E4E904526F1076900E906FE /* InformationViewController.swift in Sources */,
				5E74962626F23F8A00E5C5BE /* CategoryTableViewCell.swift in Sources */,
			);
			runOnlyForDeploymentPostprocessing = 0;
		};
/* End PBXSourcesBuildPhase section */

/* Begin PBXVariantGroup section */
		5E75D7BD26EFAC18002C6C5D /* LaunchScreen.storyboard */ = {
			isa = PBXVariantGroup;
			children = (
				5E75D7BE26EFAC18002C6C5D /* Base */,
			);
			name = LaunchScreen.storyboard;
			sourceTree = "<group>";
		};
/* End PBXVariantGroup section */

/* Begin XCBuildConfiguration section */
		5E75D7C126EFAC18002C6C5D /* Debug */ = {
			isa = XCBuildConfiguration;
			buildSettings = {
				ALWAYS_SEARCH_USER_PATHS = NO;
				CLANG_ANALYZER_NONNULL = YES;
				CLANG_ANALYZER_NUMBER_OBJECT_CONVERSION = YES_AGGRESSIVE;
				CLANG_CXX_LANGUAGE_STANDARD = "gnu++14";
				CLANG_CXX_LIBRARY = "libc++";
				CLANG_ENABLE_MODULES = YES;
				CLANG_ENABLE_OBJC_ARC = YES;
				CLANG_ENABLE_OBJC_WEAK = YES;
				CLANG_WARN_BLOCK_CAPTURE_AUTORELEASING = YES;
				CLANG_WARN_BOOL_CONVERSION = YES;
				CLANG_WARN_COMMA = YES;
				CLANG_WARN_CONSTANT_CONVERSION = YES;
				CLANG_WARN_DEPRECATED_OBJC_IMPLEMENTATIONS = YES;
				CLANG_WARN_DIRECT_OBJC_ISA_USAGE = YES_ERROR;
				CLANG_WARN_DOCUMENTATION_COMMENTS = YES;
				CLANG_WARN_EMPTY_BODY = YES;
				CLANG_WARN_ENUM_CONVERSION = YES;
				CLANG_WARN_INFINITE_RECURSION = YES;
				CLANG_WARN_INT_CONVERSION = YES;
				CLANG_WARN_NON_LITERAL_NULL_CONVERSION = YES;
				CLANG_WARN_OBJC_IMPLICIT_RETAIN_SELF = YES;
				CLANG_WARN_OBJC_LITERAL_CONVERSION = YES;
				CLANG_WARN_OBJC_ROOT_CLASS = YES_ERROR;
				CLANG_WARN_QUOTED_INCLUDE_IN_FRAMEWORK_HEADER = YES;
				CLANG_WARN_RANGE_LOOP_ANALYSIS = YES;
				CLANG_WARN_STRICT_PROTOTYPES = YES;
				CLANG_WARN_SUSPICIOUS_MOVE = YES;
				CLANG_WARN_UNGUARDED_AVAILABILITY = YES_AGGRESSIVE;
				CLANG_WARN_UNREACHABLE_CODE = YES;
				CLANG_WARN__DUPLICATE_METHOD_MATCH = YES;
				COPY_PHASE_STRIP = NO;
				DEBUG_INFORMATION_FORMAT = dwarf;
				ENABLE_STRICT_OBJC_MSGSEND = YES;
				ENABLE_TESTABILITY = YES;
				GCC_C_LANGUAGE_STANDARD = gnu11;
				GCC_DYNAMIC_NO_PIC = NO;
				GCC_NO_COMMON_BLOCKS = YES;
				GCC_OPTIMIZATION_LEVEL = 0;
				GCC_PREPROCESSOR_DEFINITIONS = (
					"DEBUG=1",
					"$(inherited)",
				);
				GCC_WARN_64_TO_32_BIT_CONVERSION = YES;
				GCC_WARN_ABOUT_RETURN_TYPE = YES_ERROR;
				GCC_WARN_UNDECLARED_SELECTOR = YES;
				GCC_WARN_UNINITIALIZED_AUTOS = YES_AGGRESSIVE;
				GCC_WARN_UNUSED_FUNCTION = YES;
				GCC_WARN_UNUSED_VARIABLE = YES;
				IPHONEOS_DEPLOYMENT_TARGET = 14.5;
				MTL_ENABLE_DEBUG_INFO = INCLUDE_SOURCE;
				MTL_FAST_MATH = YES;
				ONLY_ACTIVE_ARCH = YES;
				SDKROOT = iphoneos;
				SWIFT_ACTIVE_COMPILATION_CONDITIONS = DEBUG;
				SWIFT_OPTIMIZATION_LEVEL = "-Onone";
			};
			name = Debug;
		};
		5E75D7C226EFAC18002C6C5D /* Release */ = {
			isa = XCBuildConfiguration;
			buildSettings = {
				ALWAYS_SEARCH_USER_PATHS = NO;
				CLANG_ANALYZER_NONNULL = YES;
				CLANG_ANALYZER_NUMBER_OBJECT_CONVERSION = YES_AGGRESSIVE;
				CLANG_CXX_LANGUAGE_STANDARD = "gnu++14";
				CLANG_CXX_LIBRARY = "libc++";
				CLANG_ENABLE_MODULES = YES;
				CLANG_ENABLE_OBJC_ARC = YES;
				CLANG_ENABLE_OBJC_WEAK = YES;
				CLANG_WARN_BLOCK_CAPTURE_AUTORELEASING = YES;
				CLANG_WARN_BOOL_CONVERSION = YES;
				CLANG_WARN_COMMA = YES;
				CLANG_WARN_CONSTANT_CONVERSION = YES;
				CLANG_WARN_DEPRECATED_OBJC_IMPLEMENTATIONS = YES;
				CLANG_WARN_DIRECT_OBJC_ISA_USAGE = YES_ERROR;
				CLANG_WARN_DOCUMENTATION_COMMENTS = YES;
				CLANG_WARN_EMPTY_BODY = YES;
				CLANG_WARN_ENUM_CONVERSION = YES;
				CLANG_WARN_INFINITE_RECURSION = YES;
				CLANG_WARN_INT_CONVERSION = YES;
				CLANG_WARN_NON_LITERAL_NULL_CONVERSION = YES;
				CLANG_WARN_OBJC_IMPLICIT_RETAIN_SELF = YES;
				CLANG_WARN_OBJC_LITERAL_CONVERSION = YES;
				CLANG_WARN_OBJC_ROOT_CLASS = YES_ERROR;
				CLANG_WARN_QUOTED_INCLUDE_IN_FRAMEWORK_HEADER = YES;
				CLANG_WARN_RANGE_LOOP_ANALYSIS = YES;
				CLANG_WARN_STRICT_PROTOTYPES = YES;
				CLANG_WARN_SUSPICIOUS_MOVE = YES;
				CLANG_WARN_UNGUARDED_AVAILABILITY = YES_AGGRESSIVE;
				CLANG_WARN_UNREACHABLE_CODE = YES;
				CLANG_WARN__DUPLICATE_METHOD_MATCH = YES;
				COPY_PHASE_STRIP = NO;
				DEBUG_INFORMATION_FORMAT = "dwarf-with-dsym";
				ENABLE_NS_ASSERTIONS = NO;
				ENABLE_STRICT_OBJC_MSGSEND = YES;
				GCC_C_LANGUAGE_STANDARD = gnu11;
				GCC_NO_COMMON_BLOCKS = YES;
				GCC_WARN_64_TO_32_BIT_CONVERSION = YES;
				GCC_WARN_ABOUT_RETURN_TYPE = YES_ERROR;
				GCC_WARN_UNDECLARED_SELECTOR = YES;
				GCC_WARN_UNINITIALIZED_AUTOS = YES_AGGRESSIVE;
				GCC_WARN_UNUSED_FUNCTION = YES;
				GCC_WARN_UNUSED_VARIABLE = YES;
				IPHONEOS_DEPLOYMENT_TARGET = 14.5;
				MTL_ENABLE_DEBUG_INFO = NO;
				MTL_FAST_MATH = YES;
				SDKROOT = iphoneos;
				SWIFT_COMPILATION_MODE = wholemodule;
				SWIFT_OPTIMIZATION_LEVEL = "-O";
				VALIDATE_PRODUCT = YES;
			};
			name = Release;
		};
		5E75D7C426EFAC18002C6C5D /* Debug */ = {
			isa = XCBuildConfiguration;
			baseConfigurationReference = F4F0D08A6B4D632437A07F3A /* Pods-Trivia.debug.xcconfig */;
			buildSettings = {
				ASSETCATALOG_COMPILER_APPICON_NAME = AppIcon;
				ASSETCATALOG_COMPILER_GLOBAL_ACCENT_COLOR_NAME = AccentColor;
				CODE_SIGN_STYLE = Automatic;
				INFOPLIST_FILE = Trivia/Info.plist;
				LD_RUNPATH_SEARCH_PATHS = (
					"$(inherited)",
					"@executable_path/Frameworks",
				);
				PRODUCT_BUNDLE_IDENTIFIER = Alkemy.Trivia;
				PRODUCT_NAME = "$(TARGET_NAME)";
				SWIFT_VERSION = 5.0;
				TARGETED_DEVICE_FAMILY = "1,2";
			};
			name = Debug;
		};
		5E75D7C526EFAC18002C6C5D /* Release */ = {
			isa = XCBuildConfiguration;
			baseConfigurationReference = 23F673716F1A1EDF8EDAD5EB /* Pods-Trivia.release.xcconfig */;
			buildSettings = {
				ASSETCATALOG_COMPILER_APPICON_NAME = AppIcon;
				ASSETCATALOG_COMPILER_GLOBAL_ACCENT_COLOR_NAME = AccentColor;
				CODE_SIGN_STYLE = Automatic;
				INFOPLIST_FILE = Trivia/Info.plist;
				LD_RUNPATH_SEARCH_PATHS = (
					"$(inherited)",
					"@executable_path/Frameworks",
				);
				PRODUCT_BUNDLE_IDENTIFIER = Alkemy.Trivia;
				PRODUCT_NAME = "$(TARGET_NAME)";
				SWIFT_VERSION = 5.0;
				TARGETED_DEVICE_FAMILY = "1,2";
			};
			name = Release;
		};
/* End XCBuildConfiguration section */

/* Begin XCConfigurationList section */
		5E75D7AA26EFAC17002C6C5D /* Build configuration list for PBXProject "Trivia" */ = {
			isa = XCConfigurationList;
			buildConfigurations = (
				5E75D7C126EFAC18002C6C5D /* Debug */,
				5E75D7C226EFAC18002C6C5D /* Release */,
			);
			defaultConfigurationIsVisible = 0;
			defaultConfigurationName = Release;
		};
		5E75D7C326EFAC18002C6C5D /* Build configuration list for PBXNativeTarget "Trivia" */ = {
			isa = XCConfigurationList;
			buildConfigurations = (
				5E75D7C426EFAC18002C6C5D /* Debug */,
				5E75D7C526EFAC18002C6C5D /* Release */,
			);
			defaultConfigurationIsVisible = 0;
			defaultConfigurationName = Release;
		};
/* End XCConfigurationList section */
	};
	rootObject = 5E75D7A726EFAC17002C6C5D /* Project object */;
}
